
Microsoft Visual Studio Solution File, Format Version 12.00
# Visual Studio 14
VisualStudioVersion = 14.0.25420.1
MinimumVisualStudioVersion = 10.0.40219.1
Project("{2150E333-8FDC-42A3-9474-1A3956D46DE8}") = "src", "src", "{3E90367C-B436-44B2-B205-DC801D86F062}"
EndProject
Project("{2150E333-8FDC-42A3-9474-1A3956D46DE8}") = "Solution Items", "Solution Items", "{56220AB7-0306-47C0-9472-6F3E5F9792A9}"
	ProjectSection(SolutionItems) = preProject
		global.json = global.json
	EndProjectSection
EndProject
Project("{8BB2217D-0F2D-49D1-97BC-3654ED321F3B}") = "NetCoreApp", "src\NetCoreApp\NetCoreApp.xproj", "{6A3DAB93-C280-45DB-A5CB-0FD999A4E219}"
EndProject
Global
	GlobalSection(SolutionConfigurationPlatforms) = preSolution
		Debug|Any CPU = Debug|Any CPU
		Release|Any CPU = Release|Any CPU
	EndGlobalSection
	GlobalSection(ProjectConfigurationPlatforms) = postSolution
		{6A3DAB93-C280-45DB-A5CB-0FD999A4E219}.Debug|Any CPU.ActiveCfg = Debug|Any CPU
		{6A3DAB93-C280-45DB-A5CB-0FD999A4E219}.Debug|Any CPU.Build.0 = Debug|Any CPU
		{6A3DAB93-C280-45DB-A5CB-0FD999A4E219}.Release|Any CPU.ActiveCfg = Release|Any CPU
		{6A3DAB93-C280-45DB-A5CB-0FD999A4E219}.Release|Any CPU.Build.0 = Release|Any CPU
	EndGlobalSection
	GlobalSection(SolutionProperties) = preSolution
		HideSolutionNode = FALSE
	EndGlobalSection
	GlobalSection(NestedProjects) = preSolution
		{6A3DAB93-C280-45DB-A5CB-0FD999A4E219} = {3E90367C-B436-44B2-B205-DC801D86F062}
	EndGlobalSection
EndGlobal
